
Microsoft Visual Studio Solution File, Format Version 12.00
# Visual Studio Version 17
VisualStudioVersion = 17.10.34928.147
MinimumVisualStudioVersion = 10.0.40219.1
Project("{FAE04EC0-301F-11D3-BF4B-00C04F79EFBC}") = "HttpClientPractice1", "HttpClientPractice1\HttpClientPractice1.csproj", "{5C420642-315E-4140-8AB8-4E4C3260924C}"
EndProject
Global
	GlobalSection(SolutionConfigurationPlatforms) = preSolution
		Debug|Any CPU = Debug|Any CPU
		Release|Any CPU = Release|Any CPU
	EndGlobalSection
	GlobalSection(ProjectConfigurationPlatforms) = postSolution
		{5C420642-315E-4140-8AB8-4E4C3260924C}.Debug|Any CPU.ActiveCfg = Debug|Any CPU
		{5C420642-315E-4140-8AB8-4E4C3260924C}.Debug|Any CPU.Build.0 = Debug|Any CPU
		{5C420642-315E-4140-8AB8-4E4C3260924C}.Release|Any CPU.ActiveCfg = Release|Any CPU
		{5C420642-315E-4140-8AB8-4E4C3260924C}.Release|Any CPU.Build.0 = Release|Any CPU
	EndGlobalSection
	GlobalSection(SolutionProperties) = preSolution
		HideSolutionNode = FALSE
	EndGlobalSection
	GlobalSection(ExtensibilityGlobals) = postSolution
		SolutionGuid = {5FC6B2CE-1D7D-4D11-9318-D8E2753E8701}
	EndGlobalSection
EndGlobal
