
Microsoft Visual Studio Solution File, Format Version 12.00
# Visual Studio Version 17
VisualStudioVersion = 17.10.34928.147
MinimumVisualStudioVersion = 10.0.40219.1
Project("{FAE04EC0-301F-11D3-BF4B-00C04F79EFBC}") = "HttpClientPractice2PUT", "HttpClientPractice2PUT\HttpClientPractice2PUT.csproj", "{DCC6AA8B-A2B7-426C-8D8D-393BC37CF297}"
EndProject
Global
	GlobalSection(SolutionConfigurationPlatforms) = preSolution
		Debug|Any CPU = Debug|Any CPU
		Release|Any CPU = Release|Any CPU
	EndGlobalSection
	GlobalSection(ProjectConfigurationPlatforms) = postSolution
		{DCC6AA8B-A2B7-426C-8D8D-393BC37CF297}.Debug|Any CPU.ActiveCfg = Debug|Any CPU
		{DCC6AA8B-A2B7-426C-8D8D-393BC37CF297}.Debug|Any CPU.Build.0 = Debug|Any CPU
		{DCC6AA8B-A2B7-426C-8D8D-393BC37CF297}.Release|Any CPU.ActiveCfg = Release|Any CPU
		{DCC6AA8B-A2B7-426C-8D8D-393BC37CF297}.Release|Any CPU.Build.0 = Release|Any CPU
	EndGlobalSection
	GlobalSection(SolutionProperties) = preSolution
		HideSolutionNode = FALSE
	EndGlobalSection
	GlobalSection(ExtensibilityGlobals) = postSolution
		SolutionGuid = {8430903C-71C9-4AF0-AC59-B73E93F9B983}
	EndGlobalSection
EndGlobal
